
Microsoft Visual Studio Solution File, Format Version 12.00
# Visual Studio Version 17
VisualStudioVersion = 17.10.35013.160
MinimumVisualStudioVersion = 10.0.40219.1
Project("{FAE04EC0-301F-11D3-BF4B-00C04F79EFBC}") = "StructvsClassDemo", "StructvsClassDemo.csproj", "{7C7512B9-1037-4870-81C0-3527842A386A}"
EndProject
Global
	GlobalSection(SolutionConfigurationPlatforms) = preSolution
		Debug|Any CPU = Debug|Any CPU
		Release|Any CPU = Release|Any CPU
	EndGlobalSection
	GlobalSection(ProjectConfigurationPlatforms) = postSolution
		{7C7512B9-1037-4870-81C0-3527842A386A}.Debug|Any CPU.ActiveCfg = Debug|Any CPU
		{7C7512B9-1037-4870-81C0-3527842A386A}.Debug|Any CPU.Build.0 = Debug|Any CPU
		{7C7512B9-1037-4870-81C0-3527842A386A}.Release|Any CPU.ActiveCfg = Release|Any CPU
		{7C7512B9-1037-4870-81C0-3527842A386A}.Release|Any CPU.Build.0 = Release|Any CPU
	EndGlobalSection
	GlobalSection(SolutionProperties) = preSolution
		HideSolutionNode = FALSE
	EndGlobalSection
	GlobalSection(ExtensibilityGlobals) = postSolution
		SolutionGuid = {8A6A4A88-1368-4A74-A817-A8EC974E35C0}
	EndGlobalSection
EndGlobal
